
Microsoft Visual Studio Solution File, Format Version 12.00
# Visual Studio 15
VisualStudioVersion = 15.0.27703.2035
MinimumVisualStudioVersion = 10.0.40219.1
Project("{FAE04EC0-301F-11D3-BF4B-00C04F79EFBC}") = "NIPWebAppMVC", "NIPWebAppMVC\NIPWebAppMVC.csproj", "{8B8B1709-CDBF-4D1C-A824-88BEFC6E669A}"
EndProject
Project("{FAE04EC0-301F-11D3-BF4B-00C04F79EFBC}") = "NIPWebAppBase", "NIPWebAppBase\NIPWebAppBase.csproj", "{C3FEB433-6A17-4236-8B55-69A8D02C8FC4}"
EndProject
Global
	GlobalSection(SolutionConfigurationPlatforms) = preSolution
		Debug|Any CPU = Debug|Any CPU
		Release|Any CPU = Release|Any CPU
	EndGlobalSection
	GlobalSection(ProjectConfigurationPlatforms) = postSolution
		{8B8B1709-CDBF-4D1C-A824-88BEFC6E669A}.Debug|Any CPU.ActiveCfg = Debug|Any CPU
		{8B8B1709-CDBF-4D1C-A824-88BEFC6E669A}.Debug|Any CPU.Build.0 = Debug|Any CPU
		{8B8B1709-CDBF-4D1C-A824-88BEFC6E669A}.Release|Any CPU.ActiveCfg = Release|Any CPU
		{8B8B1709-CDBF-4D1C-A824-88BEFC6E669A}.Release|Any CPU.Build.0 = Release|Any CPU
		{C3FEB433-6A17-4236-8B55-69A8D02C8FC4}.Debug|Any CPU.ActiveCfg = Debug|Any CPU
		{C3FEB433-6A17-4236-8B55-69A8D02C8FC4}.Debug|Any CPU.Build.0 = Debug|Any CPU
		{C3FEB433-6A17-4236-8B55-69A8D02C8FC4}.Release|Any CPU.ActiveCfg = Release|Any CPU
		{C3FEB433-6A17-4236-8B55-69A8D02C8FC4}.Release|Any CPU.Build.0 = Release|Any CPU
	EndGlobalSection
	GlobalSection(SolutionProperties) = preSolution
		HideSolutionNode = FALSE
	EndGlobalSection
	GlobalSection(ExtensibilityGlobals) = postSolution
		SolutionGuid = {C094846D-115D-437C-81E5-7A0851BB5F76}
	EndGlobalSection
EndGlobal
